
Microsoft Visual Studio Solution File, Format Version 12.00
# Visual Studio Version 17
VisualStudioVersion = 17.6.33829.357
MinimumVisualStudioVersion = 10.0.40219.1
Project("{9A19103F-16F7-4668-BE54-9A1E7A4F7556}") = "EnsureCore", "Ensure\EnsureCore.csproj", "{B384F5F6-D9AE-4A49-9C6F-0AA732D6F327}"
EndProject
Project("{9A19103F-16F7-4668-BE54-9A1E7A4F7556}") = "Example", "Example\Example.csproj", "{A526B011-B0AD-4787-9339-9929E9C13A44}"
EndProject
Project("{9A19103F-16F7-4668-BE54-9A1E7A4F7556}") = "EnsureTests", "EnsureTests\EnsureTests.csproj", "{14CA34F4-57A6-48D6-AAAE-30F9955F480C}"
EndProject
Global
	GlobalSection(SolutionConfigurationPlatforms) = preSolution
		Debug|Any CPU = Debug|Any CPU
		Release|Any CPU = Release|Any CPU
	EndGlobalSection
	GlobalSection(ProjectConfigurationPlatforms) = postSolution
		{B384F5F6-D9AE-4A49-9C6F-0AA732D6F327}.Debug|Any CPU.ActiveCfg = Debug|Any CPU
		{B384F5F6-D9AE-4A49-9C6F-0AA732D6F327}.Debug|Any CPU.Build.0 = Debug|Any CPU
		{B384F5F6-D9AE-4A49-9C6F-0AA732D6F327}.Release|Any CPU.ActiveCfg = Release|Any CPU
		{B384F5F6-D9AE-4A49-9C6F-0AA732D6F327}.Release|Any CPU.Build.0 = Release|Any CPU
		{A526B011-B0AD-4787-9339-9929E9C13A44}.Debug|Any CPU.ActiveCfg = Debug|Any CPU
		{A526B011-B0AD-4787-9339-9929E9C13A44}.Debug|Any CPU.Build.0 = Debug|Any CPU
		{A526B011-B0AD-4787-9339-9929E9C13A44}.Release|Any CPU.ActiveCfg = Release|Any CPU
		{A526B011-B0AD-4787-9339-9929E9C13A44}.Release|Any CPU.Build.0 = Release|Any CPU
		{14CA34F4-57A6-48D6-AAAE-30F9955F480C}.Debug|Any CPU.ActiveCfg = Debug|Any CPU
		{14CA34F4-57A6-48D6-AAAE-30F9955F480C}.Debug|Any CPU.Build.0 = Debug|Any CPU
		{14CA34F4-57A6-48D6-AAAE-30F9955F480C}.Release|Any CPU.ActiveCfg = Release|Any CPU
		{14CA34F4-57A6-48D6-AAAE-30F9955F480C}.Release|Any CPU.Build.0 = Release|Any CPU
	EndGlobalSection
	GlobalSection(SolutionProperties) = preSolution
		HideSolutionNode = FALSE
	EndGlobalSection
	GlobalSection(ExtensibilityGlobals) = postSolution
		SolutionGuid = {58847E3E-CE18-49F3-9B14-671EC76E2D76}
	EndGlobalSection
EndGlobal
